{
  "name": "zenn-contents",
  "version": "1.0.0",
  "lockfileVersion": 2,
  "requires": true,
  "packages": {
    "": {
      "name": "zenn-contents",
      "version": "1.0.0",
      "license": "ISC",
      "dependencies": {
        "zenn-cli": "^0.1.158"
      },
      "devDependencies": {
        "prettier-plugin-md-nocjsp": "^1.5.0"
      }
    },
    "node_modules/prettier": {
      "version": "2.8.1",
      "resolved": "https://registry.npmjs.org/prettier/-/prettier-2.8.1.tgz",
      "integrity": "sha512-lqGoSJBQNJidqCHE80vqZJHWHRFoNYsSpP9AjFhlhi9ODCJA541svILes/+/1GM3VaL/abZi7cpFzOpdR9UPKg==",
      "dev": true,
      "peer": true,
      "bin": {
        "prettier": "bin-prettier.js"
      },
      "engines": {
        "node": ">=10.13.0"
      },
      "funding": {
        "url": "https://github.com/prettier/prettier?sponsor=1"
      }
    },
    "node_modules/prettier-plugin-md-nocjsp": {
      "version": "1.5.0",
      "resolved": "https://registry.npmjs.org/prettier-plugin-md-nocjsp/-/prettier-plugin-md-nocjsp-1.5.0.tgz",
      "integrity": "sha512-rrGFV1cOSz9P0cM1GeD0LYEJ92ptq2qlTngTRS+k22CFRgh+06HHfKy0uhb38Xtr6yLiFwXFCoXrlhS483bqqg==",
      "dev": true,
      "peerDependencies": {
        "prettier": "2.x"
      }
    },
    "node_modules/zenn-cli": {
      "version": "0.1.158",
      "resolved": "https://registry.npmjs.org/zenn-cli/-/zenn-cli-0.1.158.tgz",
      "integrity": "sha512-bvQ96fK+9qw+SKxEmncg/rYU+1u0V6Bh+HuV8By+u4L+VZt/jn9hFyL+KWj/2ncSBDtcEBo6XLsCdNLxlUo+RA==",
      "bin": {
        "zenn": "dist/server/zenn.js"
      },
      "engines": {
        "node": ">=14.0.0"
      }
    }
  },
  "dependencies": {
    "prettier": {
      "version": "2.8.1",
      "resolved": "https://registry.npmjs.org/prettier/-/prettier-2.8.1.tgz",
      "integrity": "sha512-lqGoSJBQNJidqCHE80vqZJHWHRFoNYsSpP9AjFhlhi9ODCJA541svILes/+/1GM3VaL/abZi7cpFzOpdR9UPKg==",
      "dev": true,
      "peer": true
    },
    "prettier-plugin-md-nocjsp": {
      "version": "1.5.0",
      "resolved": "https://registry.npmjs.org/prettier-plugin-md-nocjsp/-/prettier-plugin-md-nocjsp-1.5.0.tgz",
      "integrity": "sha512-rrGFV1cOSz9P0cM1GeD0LYEJ92ptq2qlTngTRS+k22CFRgh+06HHfKy0uhb38Xtr6yLiFwXFCoXrlhS483bqqg==",
      "dev": true,
      "requires": {}
    },
    "zenn-cli": {
      "version": "0.1.158",
      "resolved": "https://registry.npmjs.org/zenn-cli/-/zenn-cli-0.1.158.tgz",
      "integrity": "sha512-bvQ96fK+9qw+SKxEmncg/rYU+1u0V6Bh+HuV8By+u4L+VZt/jn9hFyL+KWj/2ncSBDtcEBo6XLsCdNLxlUo+RA=="
    }
  }
}
